# THIS IS AN AUTOGENERATED FILE. DO NOT EDIT THIS FILE DIRECTLY.
# yarn lockfile v1


"@babel/parser@^7.16.4":
  version "7.21.4"
  resolved "https://registry.yarnpkg.com/@babel/parser/-/parser-7.21.4.tgz#94003fdfc520bbe2875d4ae557b43ddb6d880f17"
  integrity sha512-alVJj7k7zIxqBZ7BTRhz0IqJFxW1VJbm6N8JbcYhQ186df9ZBPbZBmWSqAMXwHGsCJdYks7z/voa3ibiS5bCIw==

"@ckeditor/ckeditor5-adapter-ckfinder@^37.0.1":
  version "37.0.1"
  resolved "https://registry.yarnpkg.com/@ckeditor/ckeditor5-adapter-ckfinder/-/ckeditor5-adapter-ckfinder-37.0.1.tgz#2ad3a873e001027c4f0851675f8c643239cd51ef"
  integrity sha512-gqHXb9hDo3mEM3eR9QbNpf1NagJ8SkYBSW/HhIJ730fQcEKj/NLA+DvkzGXpv26gSuFnqEXWobE3Zk7a2plscA==
  dependencies:
    ckeditor5 "^37.0.1"

"@ckeditor/ckeditor5-autoformat@^37.0.1":
  version "37.0.1"
  resolved "https://registry.yarnpkg.com/@ckeditor/ckeditor5-autoformat/-/ckeditor5-autoformat-37.0.1.tgz#0ea24093f4058ce2bcd6b10f3262ab9f6240a4e0"
  integrity sha512-qmxtHJI3qjj7FpfaINQKm7geuURK2ec4PG8PvXQhRa7WNWLgeFDYWeYyc3/6aaQ5IEtmpYeEewNTYUq0A0rrGA==
  dependencies:
    ckeditor5 "^37.0.1"

"@ckeditor/ckeditor5-basic-styles@^37.0.1":
  version "37.0.1"
  resolved "https://registry.yarnpkg.com/@ckeditor/ckeditor5-basic-styles/-/ckeditor5-basic-styles-37.0.1.tgz#c8af8245140ab47e0836417097bcf2a5bba66716"
  integrity sha512-QqrvCCP222Ctb7Olv4E7zmMx9onLmSbEc0Sqsdfx0sqc8hxkRi9tV1MaMpfUOiiu4O3A/VnmxBvvibdluVx5+g==
  dependencies:
    ckeditor5 "^37.0.1"

"@ckeditor/ckeditor5-block-quote@^37.0.1":
  version "37.0.1"
  resolved "https://registry.yarnpkg.com/@ckeditor/ckeditor5-block-quote/-/ckeditor5-block-quote-37.0.1.tgz#be38c6968de511cd0248acf03fe0d39304c48b68"
  integrity sha512-o8/cBnNgc2utX+BJmlBP5qDo+oMQYFPyddzOtvl06cjWYlvOKze7Nk+2hsDXWqsHfzj2eCwkfqMZkFaPTWfueQ==
  dependencies:
    ckeditor5 "^37.0.1"

"@ckeditor/ckeditor5-build-classic@^37.0.0":
  version "37.0.1"
  resolved "https://registry.yarnpkg.com/@ckeditor/ckeditor5-build-classic/-/ckeditor5-build-classic-37.0.1.tgz#30a4588f819dcaa0ad428a15a69fdb480c03881e"
  integrity sha512-0btX3Ax6/eKoUDbqKeTClLhxrvyJYjoomvS7yk6MJhRcJNXDJ2sv9uzlDJAaKgQInHLm5cew2m8tHuPwwREYAA==
  dependencies:
    "@ckeditor/ckeditor5-adapter-ckfinder" "^37.0.1"
    "@ckeditor/ckeditor5-autoformat" "^37.0.1"
    "@ckeditor/ckeditor5-basic-styles" "^37.0.1"
    "@ckeditor/ckeditor5-block-quote" "^37.0.1"
    "@ckeditor/ckeditor5-ckbox" "^37.0.1"
    "@ckeditor/ckeditor5-ckfinder" "^37.0.1"
    "@ckeditor/ckeditor5-cloud-services" "^37.0.1"
    "@ckeditor/ckeditor5-easy-image" "^37.0.1"
    "@ckeditor/ckeditor5-editor-classic" "^37.0.1"
    "@ckeditor/ckeditor5-essentials" "^37.0.1"
    "@ckeditor/ckeditor5-heading" "^37.0.1"
    "@ckeditor/ckeditor5-image" "^37.0.1"
    "@ckeditor/ckeditor5-indent" "^37.0.1"
    "@ckeditor/ckeditor5-link" "^37.0.1"
    "@ckeditor/ckeditor5-list" "^37.0.1"
    "@ckeditor/ckeditor5-media-embed" "^37.0.1"
    "@ckeditor/ckeditor5-paragraph" "^37.0.1"
    "@ckeditor/ckeditor5-paste-from-office" "^37.0.1"
    "@ckeditor/ckeditor5-table" "^37.0.1"
    "@ckeditor/ckeditor5-typing" "^37.0.1"

"@ckeditor/ckeditor5-ckbox@^37.0.1":
  version "37.0.1"
  resolved "https://registry.yarnpkg.com/@ckeditor/ckeditor5-ckbox/-/ckeditor5-ckbox-37.0.1.tgz#aa09abcaf34f778d17a59d3f9df223ba3e7682b8"
  integrity sha512-ezaFEiHhufJmJ372Ca3XxxQQQ7SjIZeL8nbXS7OUkTw6a+exWi2bF5WDmVGQI6nKKG2B5UgaS18Rcx6i05r7MQ==
  dependencies:
    ckeditor5 "^37.0.1"

"@ckeditor/ckeditor5-ckfinder@^37.0.1":
  version "37.0.1"
  resolved "https://registry.yarnpkg.com/@ckeditor/ckeditor5-ckfinder/-/ckeditor5-ckfinder-37.0.1.tgz#48b86194645d57a74bf84f5419670bdd6a59f8e4"
  integrity sha512-cIAswqQCiZKH1urk6iR+mS3ARtd3PcjZXVit8B0UKKEinAHA0TfwXv6gDHEWQhre4LM4hle4Y+jcMK0VFj2dfg==
  dependencies:
    ckeditor5 "^37.0.1"

"@ckeditor/ckeditor5-clipboard@^37.0.1":
  version "37.0.1"
  resolved "https://registry.yarnpkg.com/@ckeditor/ckeditor5-clipboard/-/ckeditor5-clipboard-37.0.1.tgz#ecf83dffeb695de26e3f85c6a1cb0ebbfd9475c3"
  integrity sha512-nUSpkkBu4zKwAsS1ZaAu85QyfUlL0eUEo/vocM5OZUl5cI7vmZEuokdD+Fdoo+mqn7//XmlG+P3F0QzOwuUGQw==
  dependencies:
    "@ckeditor/ckeditor5-core" "^37.0.1"
    "@ckeditor/ckeditor5-engine" "^37.0.1"
    "@ckeditor/ckeditor5-utils" "^37.0.1"
    "@ckeditor/ckeditor5-widget" "^37.0.1"
    lodash-es "^4.17.15"

"@ckeditor/ckeditor5-cloud-services@^37.0.1":
  version "37.0.1"
  resolved "https://registry.yarnpkg.com/@ckeditor/ckeditor5-cloud-services/-/ckeditor5-cloud-services-37.0.1.tgz#53754db69d5e1824fecb5c9e66eaa1f65d771315"
  integrity sha512-9XbXUeVXR3iK2Eke2OrJG4Iw3jf09vBswALliGOMiftyL/yEQdHnT9Grs/0c76wMlcxvB3lfRl4fSDo4uvi3Og==
  dependencies:
    ckeditor5 "^37.0.1"

"@ckeditor/ckeditor5-core@^37.0.1":
  version "37.0.1"
  resolved "https://registry.yarnpkg.com/@ckeditor/ckeditor5-core/-/ckeditor5-core-37.0.1.tgz#8f7e6ff4a115a1cd7435c458317d717b5778f9d3"
  integrity sha512-xzcAG8aAzzHZbpwUNfpNfkSoEJcofugvMA+Qk4h9dQCNW2hEoacRmaxkWsiKoRyw6WOLGomiJQE2s3EfemEN1g==
  dependencies:
    "@ckeditor/ckeditor5-engine" "^37.0.1"
    "@ckeditor/ckeditor5-utils" "^37.0.1"
    lodash-es "^4.17.15"

"@ckeditor/ckeditor5-easy-image@^37.0.1":
  version "37.0.1"
  resolved "https://registry.yarnpkg.com/@ckeditor/ckeditor5-easy-image/-/ckeditor5-easy-image-37.0.1.tgz#e3b12fd5bdda4066c273fc9e55321f827e1fee05"
  integrity sha512-lHNj3OTEkCvxhy5e9UCHSa5qjp/MYd3tcYF8Kl45yti+EmSHaH3lr/9Us9f0DLgDmayk5yFxhXDVRAqn/ezOgw==
  dependencies:
    ckeditor5 "^37.0.1"

"@ckeditor/ckeditor5-editor-classic@^37.0.1":
  version "37.0.1"
  resolved "https://registry.yarnpkg.com/@ckeditor/ckeditor5-editor-classic/-/ckeditor5-editor-classic-37.0.1.tgz#751dd35d41117433d2e78c153f960ef74e317958"
  integrity sha512-OV0dOfSON1lz62KtNCykwImTz8NBIoof8rDkUbHKqI+Wrj37yapStM7n+0JJHHuF0iuR0gKRl/4NBmTstSSrVQ==
  dependencies:
    ckeditor5 "^37.0.1"
    lodash-es "^4.17.15"

"@ckeditor/ckeditor5-engine@^37.0.1":
  version "37.0.1"
  resolved "https://registry.yarnpkg.com/@ckeditor/ckeditor5-engine/-/ckeditor5-engine-37.0.1.tgz#4085ce2bf01675de04d6075358c44e9672c62a00"
  integrity sha512-vc6jxyAf8t0t/xjyU8ACUzcNce1FyzBd3yTc+uNONLnrFUoWA3t8VKVxqCHfx50QaPAW3e/MLa1uR7NSLwb8dQ==
  dependencies:
    "@ckeditor/ckeditor5-utils" "^37.0.1"
    lodash-es "^4.17.15"

"@ckeditor/ckeditor5-enter@^37.0.1":
  version "37.0.1"
  resolved "https://registry.yarnpkg.com/@ckeditor/ckeditor5-enter/-/ckeditor5-enter-37.0.1.tgz#09d0191a0a9fc13ea8990a57c66c7e3316976fcb"
  integrity sha512-eCZGgkFWTuhKSu3tROHiHmfaTBds9t84gFO96PVfKY2xpS5C04bf16EWt68P+ANIlHAWcnQ+hJoNZ0x77wWx/Q==
  dependencies:
    "@ckeditor/ckeditor5-core" "^37.0.1"
    "@ckeditor/ckeditor5-engine" "^37.0.1"

"@ckeditor/ckeditor5-essentials@^37.0.1":
  version "37.0.1"
  resolved "https://registry.yarnpkg.com/@ckeditor/ckeditor5-essentials/-/ckeditor5-essentials-37.0.1.tgz#bdc34b10c6d4d0a7493e69d21fcd4ce6a1c9aed3"
  integrity sha512-90idqA/5+Tu8wYwWfwNbSMfzyUGLYQYEI1BV+rRt3ahSmJkGR40r5W9RIvrw4efUYAkQb9wvy9fQWNeyvZKKNg==
  dependencies:
    ckeditor5 "^37.0.1"

"@ckeditor/ckeditor5-heading@^37.0.1":
  version "37.0.1"
  resolved "https://registry.yarnpkg.com/@ckeditor/ckeditor5-heading/-/ckeditor5-heading-37.0.1.tgz#136f228c57a0946b453145832b1102487e577824"
  integrity sha512-LgoMCZ0AAbpGd/pMYoVS8Lgkr5197e/wBNUP+RJKzl31q9jx6WzP4B1tF5ovsgJwoRy9WTmEpBpVyUVgVLayKQ==
  dependencies:
    ckeditor5 "^37.0.1"

"@ckeditor/ckeditor5-image@^37.0.1":
  version "37.0.1"
  resolved "https://registry.yarnpkg.com/@ckeditor/ckeditor5-image/-/ckeditor5-image-37.0.1.tgz#c2fc068bb00bf2e07f1cb23217a156be15bac2f8"
  integrity sha512-dNL/4yaWTV7aMnO6sASYQ0nhLSo3L/yn2gQKfCeFI+iwY4dX2Z+CHetLZKDxIRyNSTVvP3XMJRfmPXqRGkoKig==
  dependencies:
    "@ckeditor/ckeditor5-ui" "^37.0.1"
    ckeditor5 "^37.0.1"
    lodash-es "^4.17.15"

"@ckeditor/ckeditor5-indent@^37.0.1":
  version "37.0.1"
  resolved "https://registry.yarnpkg.com/@ckeditor/ckeditor5-indent/-/ckeditor5-indent-37.0.1.tgz#30724a9b948ec13dad7015430e55f866e3457fe3"
  integrity sha512-AiqbPVGOltOfwWSAPvPcIyYQMfvde2ykBP970EZ2NBtgvsdus5npiWu1FMTUCAyWjNYxhMrL52dHlDTSNKPRKQ==
  dependencies:
    ckeditor5 "^37.0.1"

"@ckeditor/ckeditor5-link@^37.0.1":
  version "37.0.1"
  resolved "https://registry.yarnpkg.com/@ckeditor/ckeditor5-link/-/ckeditor5-link-37.0.1.tgz#ebae01875d312d23a166f065647a0f821f827f38"
  integrity sha512-fw61wW3ghER04vTOCq7a9HPypdOvsmOOl/ECIqIemV9NDUu9mT9TGp8UZiehz7FxI0opa2iTKc6RB3vCM1Q2iw==
  dependencies:
    "@ckeditor/ckeditor5-ui" "^37.0.1"
    ckeditor5 "^37.0.1"
    lodash-es "^4.17.15"

"@ckeditor/ckeditor5-list@^37.0.1":
  version "37.0.1"
  resolved "https://registry.yarnpkg.com/@ckeditor/ckeditor5-list/-/ckeditor5-list-37.0.1.tgz#5026eb67a3b031b7afc3b7c6ab1ea1de527674c7"
  integrity sha512-ydRB2kuZIIUIvXEdH2somhey4senEjQ24NuEGuguTlWGdUiTO6yr1feHSOiNjQrMeiAjfJCGKRks80SOIqrSbQ==
  dependencies:
    "@ckeditor/ckeditor5-ui" "^37.0.1"
    ckeditor5 "^37.0.1"

"@ckeditor/ckeditor5-media-embed@^37.0.1":
  version "37.0.1"
  resolved "https://registry.yarnpkg.com/@ckeditor/ckeditor5-media-embed/-/ckeditor5-media-embed-37.0.1.tgz#8baa626aff129c8197fdaa5ef46549cfc6f3cf5b"
  integrity sha512-UsNZnpNo4Banp1oiGAOiBwoDkt5VF+cyzOEED2QxVAN6jEWoSuqLL/8K3jioLyilYvW4tM+x1bEs45TIZjwe6g==
  dependencies:
    "@ckeditor/ckeditor5-ui" "^37.0.1"
    ckeditor5 "^37.0.1"

"@ckeditor/ckeditor5-paragraph@^37.0.1":
  version "37.0.1"
  resolved "https://registry.yarnpkg.com/@ckeditor/ckeditor5-paragraph/-/ckeditor5-paragraph-37.0.1.tgz#e17ce1168101ad49d3a4860ac40bec8f55f77f2e"
  integrity sha512-nQbVwe9NVUXxwHZtRtMJRm64FrAPFqRGn/zCEFT41tB9/is014elSuvpn9UyC2iJxllmp+5nrtXANR+cBHsgxA==
  dependencies:
    "@ckeditor/ckeditor5-core" "^37.0.1"
    "@ckeditor/ckeditor5-ui" "^37.0.1"
    "@ckeditor/ckeditor5-utils" "^37.0.1"

"@ckeditor/ckeditor5-paste-from-office@^37.0.1":
  version "37.0.1"
  resolved "https://registry.yarnpkg.com/@ckeditor/ckeditor5-paste-from-office/-/ckeditor5-paste-from-office-37.0.1.tgz#fb825b8310fafb726be76991eedb85537089c2bc"
  integrity sha512-46ku6nLfTcYx88UlFci8jSqkwQPGk0wgUqB42ErPSOOm7W18RmDBiJ6wJ8W1w/kd9e8FvujZ5JA/wLH9QNxSWQ==
  dependencies:
    ckeditor5 "^37.0.1"

"@ckeditor/ckeditor5-select-all@^37.0.1":
  version "37.0.1"
  resolved "https://registry.yarnpkg.com/@ckeditor/ckeditor5-select-all/-/ckeditor5-select-all-37.0.1.tgz#1c8623f02b23ef14d8fafe656c501805461eabda"
  integrity sha512-moji9ivRnyjT7qz8jrx+jbPCnl+i7E8ACRBYiWdIfWiBt0bw0Es4bCGWxiZNjjD1j+qFSNZdNWasQwQ3ednd3g==
  dependencies:
    "@ckeditor/ckeditor5-core" "^37.0.1"
    "@ckeditor/ckeditor5-ui" "^37.0.1"
    "@ckeditor/ckeditor5-utils" "^37.0.1"

"@ckeditor/ckeditor5-table@^37.0.1":
  version "37.0.1"
  resolved "https://registry.yarnpkg.com/@ckeditor/ckeditor5-table/-/ckeditor5-table-37.0.1.tgz#0194f90ec7dd0256dafb14247045cf55d296b1ba"
  integrity sha512-vkKfPXS6dap/TpUtxnDA84Ly620gcRR1SBSzm/sAUHDoLnYptFO3OMSckAh2EtTPajSyg1IjjGe1ZTHsVIJOkw==
  dependencies:
    ckeditor5 "^37.0.1"
    lodash-es "^4.17.15"

"@ckeditor/ckeditor5-typing@^37.0.1":
  version "37.0.1"
  resolved "https://registry.yarnpkg.com/@ckeditor/ckeditor5-typing/-/ckeditor5-typing-37.0.1.tgz#a10a49ffc833cc11fe9f5db71011703900e59ab7"
  integrity sha512-3IgUlGblj+m0Sr5GKc5gMxVSg3UvKzyJ+uKvNVm34risK1pdNkfXwy7Ws+dhc9xbJITUrri353zvcXmhe7G/uw==
  dependencies:
    "@ckeditor/ckeditor5-core" "^37.0.1"
    "@ckeditor/ckeditor5-engine" "^37.0.1"
    "@ckeditor/ckeditor5-utils" "^37.0.1"
    lodash-es "^4.17.15"

"@ckeditor/ckeditor5-ui@^37.0.1":
  version "37.0.1"
  resolved "https://registry.yarnpkg.com/@ckeditor/ckeditor5-ui/-/ckeditor5-ui-37.0.1.tgz#a43d0e9743cc5238ae41485a54c2f5da0e5741a0"
  integrity sha512-frtSAjwCO1o1XQeYkvXP5vZLGoYmttvXtjJZ0AMzhY0wqxuQsyGgrLrJU4hrIcLJOYYNA1ZHvTQ8fS2Qdk0b8A==
  dependencies:
    "@ckeditor/ckeditor5-core" "^37.0.1"
    "@ckeditor/ckeditor5-utils" "^37.0.1"
    lodash-es "^4.17.15"

"@ckeditor/ckeditor5-undo@^37.0.1":
  version "37.0.1"
  resolved "https://registry.yarnpkg.com/@ckeditor/ckeditor5-undo/-/ckeditor5-undo-37.0.1.tgz#48a7b85451fe68deeb0d3077f7f93a185854b717"
  integrity sha512-L9DS13SznPLD6to6Fs+Br2Ui/yLsgKqkT1GPOdpGen/wkEa1DMLW890VAWhc17Voq/HLuA++TXXLDMRYd5moqg==
  dependencies:
    "@ckeditor/ckeditor5-core" "^37.0.1"
    "@ckeditor/ckeditor5-engine" "^37.0.1"
    "@ckeditor/ckeditor5-ui" "^37.0.1"

"@ckeditor/ckeditor5-upload@^37.0.1":
  version "37.0.1"
  resolved "https://registry.yarnpkg.com/@ckeditor/ckeditor5-upload/-/ckeditor5-upload-37.0.1.tgz#978c44603444461ed07cbe5249015598530e5a36"
  integrity sha512-TGH4FXxedBeO7QbwLcNDMM74swNtJ5BbkWiyEdryJom7y+AIqfqEg0DYeKJoIyQGe6ldiFU5Wm1VRBWZIDzQiQ==
  dependencies:
    "@ckeditor/ckeditor5-core" "^37.0.1"
    "@ckeditor/ckeditor5-ui" "^37.0.1"
    "@ckeditor/ckeditor5-utils" "^37.0.1"

"@ckeditor/ckeditor5-utils@^37.0.1":
  version "37.0.1"
  resolved "https://registry.yarnpkg.com/@ckeditor/ckeditor5-utils/-/ckeditor5-utils-37.0.1.tgz#942373704b6ed501e0ae56c238f1f8ed733eaec6"
  integrity sha512-QMTHVbHNckDG9mCaFNjUhjlosxvyBPQ0fGlCyn9p+kHM7iEfP0a1Y63y9lg3n9bXDRYJ8k9Ms1G7xOZvYTBPNg==
  dependencies:
    lodash-es "^4.17.15"

"@ckeditor/ckeditor5-vue@file:..":
  version "5.0.0-alpha.2"

"@ckeditor/ckeditor5-watchdog@^37.0.1":
  version "37.0.1"
  resolved "https://registry.yarnpkg.com/@ckeditor/ckeditor5-watchdog/-/ckeditor5-watchdog-37.0.1.tgz#bae155a39b23b75991962fd4b07db6cadbceebc8"
  integrity sha512-SWAsA9aDdc1s+24xFMRYJR3EpgWQLT/J0WYS1PdR5kmTA3YoYvIVXq20iPKyvFywiyNXNHQ5HOYJG2zPN0ACJw==
  dependencies:
    lodash-es "^4.17.15"

"@ckeditor/ckeditor5-widget@^37.0.1":
  version "37.0.1"
  resolved "https://registry.yarnpkg.com/@ckeditor/ckeditor5-widget/-/ckeditor5-widget-37.0.1.tgz#fd48d0513b698938e1bc47ea56c7e4bf37272883"
  integrity sha512-seoDOhshGk5oG/FbFAux93hZOP9D+Iv3nNPZyYyKy1SOOkQ8Iv4WSQ9thoylLUubce62orVha8pBSxMndwRSaA==
  dependencies:
    "@ckeditor/ckeditor5-core" "^37.0.1"
    "@ckeditor/ckeditor5-engine" "^37.0.1"
    "@ckeditor/ckeditor5-enter" "^37.0.1"
    "@ckeditor/ckeditor5-typing" "^37.0.1"
    "@ckeditor/ckeditor5-ui" "^37.0.1"
    "@ckeditor/ckeditor5-utils" "^37.0.1"
    lodash-es "^4.17.15"

"@esbuild/android-arm64@0.17.15":
  version "0.17.15"
  resolved "https://registry.yarnpkg.com/@esbuild/android-arm64/-/android-arm64-0.17.15.tgz#893ad71f3920ccb919e1757c387756a9bca2ef42"
  integrity sha512-0kOB6Y7Br3KDVgHeg8PRcvfLkq+AccreK///B4Z6fNZGr/tNHX0z2VywCc7PTeWp+bPvjA5WMvNXltHw5QjAIA==

"@esbuild/android-arm@0.17.15":
  version "0.17.15"
  resolved "https://registry.yarnpkg.com/@esbuild/android-arm/-/android-arm-0.17.15.tgz#143e0d4e4c08c786ea410b9a7739779a9a1315d8"
  integrity sha512-sRSOVlLawAktpMvDyJIkdLI/c/kdRTOqo8t6ImVxg8yT7LQDUYV5Rp2FKeEosLr6ZCja9UjYAzyRSxGteSJPYg==

"@esbuild/android-x64@0.17.15":
  version "0.17.15"
  resolved "https://registry.yarnpkg.com/@esbuild/android-x64/-/android-x64-0.17.15.tgz#d2d12a7676b2589864281b2274355200916540bc"
  integrity sha512-MzDqnNajQZ63YkaUWVl9uuhcWyEyh69HGpMIrf+acR4otMkfLJ4sUCxqwbCyPGicE9dVlrysI3lMcDBjGiBBcQ==

"@esbuild/darwin-arm64@0.17.15":
  version "0.17.15"
  resolved "https://registry.yarnpkg.com/@esbuild/darwin-arm64/-/darwin-arm64-0.17.15.tgz#2e88e79f1d327a2a7d9d06397e5232eb0a473d61"
  integrity sha512-7siLjBc88Z4+6qkMDxPT2juf2e8SJxmsbNVKFY2ifWCDT72v5YJz9arlvBw5oB4W/e61H1+HDB/jnu8nNg0rLA==

"@esbuild/darwin-x64@0.17.15":
  version "0.17.15"
  resolved "https://registry.yarnpkg.com/@esbuild/darwin-x64/-/darwin-x64-0.17.15.tgz#9384e64c0be91388c57be6d3a5eaf1c32a99c91d"
  integrity sha512-NbImBas2rXwYI52BOKTW342Tm3LTeVlaOQ4QPZ7XuWNKiO226DisFk/RyPk3T0CKZkKMuU69yOvlapJEmax7cg==

"@esbuild/freebsd-arm64@0.17.15":
  version "0.17.15"
  resolved "https://registry.yarnpkg.com/@esbuild/freebsd-arm64/-/freebsd-arm64-0.17.15.tgz#2ad5a35bc52ebd9ca6b845dbc59ba39647a93c1a"
  integrity sha512-Xk9xMDjBVG6CfgoqlVczHAdJnCs0/oeFOspFap5NkYAmRCT2qTn1vJWA2f419iMtsHSLm+O8B6SLV/HlY5cYKg==

"@esbuild/freebsd-x64@0.17.15":
  version "0.17.15"
  resolved "https://registry.yarnpkg.com/@esbuild/freebsd-x64/-/freebsd-x64-0.17.15.tgz#b513a48446f96c75fda5bef470e64d342d4379cd"
  integrity sha512-3TWAnnEOdclvb2pnfsTWtdwthPfOz7qAfcwDLcfZyGJwm1SRZIMOeB5FODVhnM93mFSPsHB9b/PmxNNbSnd0RQ==

"@esbuild/linux-arm64@0.17.15":
  version "0.17.15"
  resolved "https://registry.yarnpkg.com/@esbuild/linux-arm64/-/linux-arm64-0.17.15.tgz#9697b168175bfd41fa9cc4a72dd0d48f24715f31"
  integrity sha512-T0MVnYw9KT6b83/SqyznTs/3Jg2ODWrZfNccg11XjDehIved2oQfrX/wVuev9N936BpMRaTR9I1J0tdGgUgpJA==

"@esbuild/linux-arm@0.17.15":
  version "0.17.15"
  resolved "https://registry.yarnpkg.com/@esbuild/linux-arm/-/linux-arm-0.17.15.tgz#5b22062c54f48cd92fab9ffd993732a52db70cd3"
  integrity sha512-MLTgiXWEMAMr8nmS9Gigx43zPRmEfeBfGCwxFQEMgJ5MC53QKajaclW6XDPjwJvhbebv+RzK05TQjvH3/aM4Xw==

"@esbuild/linux-ia32@0.17.15":
  version "0.17.15"
  resolved "https://registry.yarnpkg.com/@esbuild/linux-ia32/-/linux-ia32-0.17.15.tgz#eb28a13f9b60b5189fcc9e98e1024f6b657ba54c"
  integrity sha512-wp02sHs015T23zsQtU4Cj57WiteiuASHlD7rXjKUyAGYzlOKDAjqK6bk5dMi2QEl/KVOcsjwL36kD+WW7vJt8Q==

"@esbuild/linux-loong64@0.17.15":
  version "0.17.15"
  resolved "https://registry.yarnpkg.com/@esbuild/linux-loong64/-/linux-loong64-0.17.15.tgz#32454bdfe144cf74b77895a8ad21a15cb81cfbe5"
  integrity sha512-k7FsUJjGGSxwnBmMh8d7IbObWu+sF/qbwc+xKZkBe/lTAF16RqxRCnNHA7QTd3oS2AfGBAnHlXL67shV5bBThQ==

"@esbuild/linux-mips64el@0.17.15":
  version "0.17.15"
  resolved "https://registry.yarnpkg.com/@esbuild/linux-mips64el/-/linux-mips64el-0.17.15.tgz#af12bde0d775a318fad90eb13a0455229a63987c"
  integrity sha512-ZLWk6czDdog+Q9kE/Jfbilu24vEe/iW/Sj2d8EVsmiixQ1rM2RKH2n36qfxK4e8tVcaXkvuV3mU5zTZviE+NVQ==

"@esbuild/linux-ppc64@0.17.15":
  version "0.17.15"
  resolved "https://registry.yarnpkg.com/@esbuild/linux-ppc64/-/linux-ppc64-0.17.15.tgz#34c5ed145b2dfc493d3e652abac8bd3baa3865a5"
  integrity sha512-mY6dPkIRAiFHRsGfOYZC8Q9rmr8vOBZBme0/j15zFUKM99d4ILY4WpOC7i/LqoY+RE7KaMaSfvY8CqjJtuO4xg==

"@esbuild/linux-riscv64@0.17.15":
  version "0.17.15"
  resolved "https://registry.yarnpkg.com/@esbuild/linux-riscv64/-/linux-riscv64-0.17.15.tgz#87bd515e837f2eb004b45f9e6a94dc5b93f22b92"
  integrity sha512-EcyUtxffdDtWjjwIH8sKzpDRLcVtqANooMNASO59y+xmqqRYBBM7xVLQhqF7nksIbm2yHABptoioS9RAbVMWVA==

"@esbuild/linux-s390x@0.17.15":
  version "0.17.15"
  resolved "https://registry.yarnpkg.com/@esbuild/linux-s390x/-/linux-s390x-0.17.15.tgz#20bf7947197f199ddac2ec412029a414ceae3aa3"
  integrity sha512-BuS6Jx/ezxFuHxgsfvz7T4g4YlVrmCmg7UAwboeyNNg0OzNzKsIZXpr3Sb/ZREDXWgt48RO4UQRDBxJN3B9Rbg==

"@esbuild/linux-x64@0.17.15":
  version "0.17.15"
  resolved "https://registry.yarnpkg.com/@esbuild/linux-x64/-/linux-x64-0.17.15.tgz#31b93f9c94c195e852c20cd3d1914a68aa619124"
  integrity sha512-JsdS0EgEViwuKsw5tiJQo9UdQdUJYuB+Mf6HxtJSPN35vez1hlrNb1KajvKWF5Sa35j17+rW1ECEO9iNrIXbNg==

"@esbuild/netbsd-x64@0.17.15":
  version "0.17.15"
  resolved "https://registry.yarnpkg.com/@esbuild/netbsd-x64/-/netbsd-x64-0.17.15.tgz#8da299b3ac6875836ca8cdc1925826498069ac65"
  integrity sha512-R6fKjtUysYGym6uXf6qyNephVUQAGtf3n2RCsOST/neIwPqRWcnc3ogcielOd6pT+J0RDR1RGcy0ZY7d3uHVLA==

"@esbuild/openbsd-x64@0.17.15":
  version "0.17.15"
  resolved "https://registry.yarnpkg.com/@esbuild/openbsd-x64/-/openbsd-x64-0.17.15.tgz#04a1ec3d4e919714dba68dcf09eeb1228ad0d20c"
  integrity sha512-mVD4PGc26b8PI60QaPUltYKeSX0wxuy0AltC+WCTFwvKCq2+OgLP4+fFd+hZXzO2xW1HPKcytZBdjqL6FQFa7w==

"@esbuild/sunos-x64@0.17.15":
  version "0.17.15"
  resolved "https://registry.yarnpkg.com/@esbuild/sunos-x64/-/sunos-x64-0.17.15.tgz#6694ebe4e16e5cd7dab6505ff7c28f9c1c695ce5"
  integrity sha512-U6tYPovOkw3459t2CBwGcFYfFRjivcJJc1WC8Q3funIwX8x4fP+R6xL/QuTPNGOblbq/EUDxj9GU+dWKX0oWlQ==

"@esbuild/win32-arm64@0.17.15":
  version "0.17.15"
  resolved "https://registry.yarnpkg.com/@esbuild/win32-arm64/-/win32-arm64-0.17.15.tgz#1f95b2564193c8d1fee8f8129a0609728171d500"
  integrity sha512-W+Z5F++wgKAleDABemiyXVnzXgvRFs+GVKThSI+mGgleLWluv0D7Diz4oQpgdpNzh4i2nNDzQtWbjJiqutRp6Q==

"@esbuild/win32-ia32@0.17.15":
  version "0.17.15"
  resolved "https://registry.yarnpkg.com/@esbuild/win32-ia32/-/win32-ia32-0.17.15.tgz#c362b88b3df21916ed7bcf75c6d09c6bf3ae354a"
  integrity sha512-Muz/+uGgheShKGqSVS1KsHtCyEzcdOn/W/Xbh6H91Etm+wiIfwZaBn1W58MeGtfI8WA961YMHFYTthBdQs4t+w==

"@esbuild/win32-x64@0.17.15":
  version "0.17.15"
  resolved "https://registry.yarnpkg.com/@esbuild/win32-x64/-/win32-x64-0.17.15.tgz#c2e737f3a201ebff8e2ac2b8e9f246b397ad19b8"
  integrity sha512-DjDa9ywLUUmjhV2Y9wUTIF+1XsmuFGvZoCmOWkli1XcNAh5t25cc7fgsCx4Zi/Uurep3TTLyDiKATgGEg61pkA==

"@vitejs/plugin-vue@^4.1.0":
  version "4.1.0"
  resolved "https://registry.yarnpkg.com/@vitejs/plugin-vue/-/plugin-vue-4.1.0.tgz#b6a9d83cd91575f7ee15593f6444397f68751073"
  integrity sha512-++9JOAFdcXI3lyer9UKUV4rfoQ3T1RN8yDqoCLar86s0xQct5yblxAE+yWgRnU5/0FOlVCpTZpYSBV/bGWrSrQ==

"@volar/language-core@1.3.0-alpha.0":
  version "1.3.0-alpha.0"
  resolved "https://registry.yarnpkg.com/@volar/language-core/-/language-core-1.3.0-alpha.0.tgz#4924b4cbc37dbce5f3845c1d2b2811938223a980"
  integrity sha512-W3uMzecHPcbwddPu4SJpUcPakRBK/y/BP+U0U6NiPpUX1tONLC4yCawt+QBJqtgJ+sfD6ztf5PyvPL3hQRqfOA==
  dependencies:
    "@volar/source-map" "1.3.0-alpha.0"

"@volar/source-map@1.3.0-alpha.0":
  version "1.3.0-alpha.0"
  resolved "https://registry.yarnpkg.com/@volar/source-map/-/source-map-1.3.0-alpha.0.tgz#c45d51ecb9759604d29fb80211d2fc9765e5559c"
  integrity sha512-jSdizxWFvDTvkPYZnO6ew3sBZUnS0abKCbuopkc0JrIlFbznWC/fPH3iPFIMS8/IIkRxq1Jh9VVG60SmtsdaMQ==
  dependencies:
    muggle-string "^0.2.2"

"@volar/typescript@1.3.0-alpha.0":
  version "1.3.0-alpha.0"
  resolved "https://registry.yarnpkg.com/@volar/typescript/-/typescript-1.3.0-alpha.0.tgz#f79bbc9939016700812b18191c47eb035913c6c3"
  integrity sha512-5UItyW2cdH2mBLu4RrECRNJRgtvvzKrSCn2y3v/D61QwIDkGx4aeil6x8RFuUL5TFtV6QvVHXnsOHxNgd+sCow==
  dependencies:
    "@volar/language-core" "1.3.0-alpha.0"

"@volar/vue-language-core@1.2.0":
  version "1.2.0"
  resolved "https://registry.yarnpkg.com/@volar/vue-language-core/-/vue-language-core-1.2.0.tgz#a600aa93c6a4e89bf2b525b7e876b39e3afdfb9b"
  integrity sha512-w7yEiaITh2WzKe6u8ZdeLKCUz43wdmY/OqAmsB/PGDvvhTcVhCJ6f0W/RprZL1IhqH8wALoWiwEh/Wer7ZviMQ==
  dependencies:
    "@volar/language-core" "1.3.0-alpha.0"
    "@volar/source-map" "1.3.0-alpha.0"
    "@vue/compiler-dom" "^3.2.47"
    "@vue/compiler-sfc" "^3.2.47"
    "@vue/reactivity" "^3.2.47"
    "@vue/shared" "^3.2.47"
    minimatch "^6.1.6"
    muggle-string "^0.2.2"
    vue-template-compiler "^2.7.14"

"@volar/vue-typescript@1.2.0":
  version "1.2.0"
  resolved "https://registry.yarnpkg.com/@volar/vue-typescript/-/vue-typescript-1.2.0.tgz#825dab4624a116d8be21efbf0c4a7bd6dec51d37"
  integrity sha512-zjmRi9y3J1EkG+pfuHp8IbHmibihrKK485cfzsHjiuvJMGrpkWvlO5WVEk8oslMxxeGC5XwBFE9AOlvh378EPA==
  dependencies:
    "@volar/typescript" "1.3.0-alpha.0"
    "@volar/vue-language-core" "1.2.0"

"@vue/compiler-core@3.2.47":
  version "3.2.47"
  resolved "https://registry.yarnpkg.com/@vue/compiler-core/-/compiler-core-3.2.47.tgz#3e07c684d74897ac9aa5922c520741f3029267f8"
  integrity sha512-p4D7FDnQb7+YJmO2iPEv0SQNeNzcbHdGByJDsT4lynf63AFkOTFN07HsiRSvjGo0QrxR/o3d0hUyNCUnBU2Tig==
  dependencies:
    "@babel/parser" "^7.16.4"
    "@vue/shared" "3.2.47"
    estree-walker "^2.0.2"
    source-map "^0.6.1"

"@vue/compiler-dom@3.2.47", "@vue/compiler-dom@^3.2.47":
  version "3.2.47"
  resolved "https://registry.yarnpkg.com/@vue/compiler-dom/-/compiler-dom-3.2.47.tgz#a0b06caf7ef7056939e563dcaa9cbde30794f305"
  integrity sha512-dBBnEHEPoftUiS03a4ggEig74J2YBZ2UIeyfpcRM2tavgMWo4bsEfgCGsu+uJIL/vax9S+JztH8NmQerUo7shQ==
  dependencies:
    "@vue/compiler-core" "3.2.47"
    "@vue/shared" "3.2.47"

"@vue/compiler-sfc@3.2.47", "@vue/compiler-sfc@^3.2.47":
  version "3.2.47"
  resolved "https://registry.yarnpkg.com/@vue/compiler-sfc/-/compiler-sfc-3.2.47.tgz#1bdc36f6cdc1643f72e2c397eb1a398f5004ad3d"
  integrity sha512-rog05W+2IFfxjMcFw10tM9+f7i/+FFpZJJ5XHX72NP9eC2uRD+42M3pYcQqDXVYoj74kHMSEdQ/WmCjt8JFksQ==
  dependencies:
    "@babel/parser" "^7.16.4"
    "@vue/compiler-core" "3.2.47"
    "@vue/compiler-dom" "3.2.47"
    "@vue/compiler-ssr" "3.2.47"
    "@vue/reactivity-transform" "3.2.47"
    "@vue/shared" "3.2.47"
    estree-walker "^2.0.2"
    magic-string "^0.25.7"
    postcss "^8.1.10"
    source-map "^0.6.1"

"@vue/compiler-ssr@3.2.47":
  version "3.2.47"
  resolved "https://registry.yarnpkg.com/@vue/compiler-ssr/-/compiler-ssr-3.2.47.tgz#35872c01a273aac4d6070ab9d8da918ab13057ee"
  integrity sha512-wVXC+gszhulcMD8wpxMsqSOpvDZ6xKXSVWkf50Guf/S+28hTAXPDYRTbLQ3EDkOP5Xz/+SY37YiwDquKbJOgZw==
  dependencies:
    "@vue/compiler-dom" "3.2.47"
    "@vue/shared" "3.2.47"

"@vue/reactivity-transform@3.2.47":
  version "3.2.47"
  resolved "https://registry.yarnpkg.com/@vue/reactivity-transform/-/reactivity-transform-3.2.47.tgz#e45df4d06370f8abf29081a16afd25cffba6d84e"
  integrity sha512-m8lGXw8rdnPVVIdIFhf0LeQ/ixyHkH5plYuS83yop5n7ggVJU+z5v0zecwEnX7fa7HNLBhh2qngJJkxpwEEmYA==
  dependencies:
    "@babel/parser" "^7.16.4"
    "@vue/compiler-core" "3.2.47"
    "@vue/shared" "3.2.47"
    estree-walker "^2.0.2"
    magic-string "^0.25.7"

"@vue/reactivity@3.2.47", "@vue/reactivity@^3.2.47":
  version "3.2.47"
  resolved "https://registry.yarnpkg.com/@vue/reactivity/-/reactivity-3.2.47.tgz#1d6399074eadfc3ed35c727e2fd707d6881140b6"
  integrity sha512-7khqQ/75oyyg+N/e+iwV6lpy1f5wq759NdlS1fpAhFXa8VeAIKGgk2E/C4VF59lx5b+Ezs5fpp/5WsRYXQiKxQ==
  dependencies:
    "@vue/shared" "3.2.47"

"@vue/runtime-core@3.2.47":
  version "3.2.47"
  resolved "https://registry.yarnpkg.com/@vue/runtime-core/-/runtime-core-3.2.47.tgz#406ebade3d5551c00fc6409bbc1eeb10f32e121d"
  integrity sha512-RZxbLQIRB/K0ev0K9FXhNbBzT32H9iRtYbaXb0ZIz2usLms/D55dJR2t6cIEUn6vyhS3ALNvNthI+Q95C+NOpA==
  dependencies:
    "@vue/reactivity" "3.2.47"
    "@vue/shared" "3.2.47"

"@vue/runtime-dom@3.2.47":
  version "3.2.47"
  resolved "https://registry.yarnpkg.com/@vue/runtime-dom/-/runtime-dom-3.2.47.tgz#93e760eeaeab84dedfb7c3eaf3ed58d776299382"
  integrity sha512-ArXrFTjS6TsDei4qwNvgrdmHtD930KgSKGhS5M+j8QxXrDJYLqYw4RRcDy1bz1m1wMmb6j+zGLifdVHtkXA7gA==
  dependencies:
    "@vue/runtime-core" "3.2.47"
    "@vue/shared" "3.2.47"
    csstype "^2.6.8"

"@vue/server-renderer@3.2.47":
  version "3.2.47"
  resolved "https://registry.yarnpkg.com/@vue/server-renderer/-/server-renderer-3.2.47.tgz#8aa1d1871fc4eb5a7851aa7f741f8f700e6de3c0"
  integrity sha512-dN9gc1i8EvmP9RCzvneONXsKfBRgqFeFZLurmHOveL7oH6HiFXJw5OGu294n1nHc/HMgTy6LulU/tv5/A7f/LA==
  dependencies:
    "@vue/compiler-ssr" "3.2.47"
    "@vue/shared" "3.2.47"

"@vue/shared@3.2.47", "@vue/shared@^3.2.47":
  version "3.2.47"
  resolved "https://registry.yarnpkg.com/@vue/shared/-/shared-3.2.47.tgz#e597ef75086c6e896ff5478a6bfc0a7aa4bbd14c"
  integrity sha512-BHGyyGN3Q97EZx0taMQ+OLNuZcW3d37ZEVmEAyeoA9ERdGvm9Irc/0Fua8SNyOtV1w6BS4q25wbMzJujO9HIfQ==

balanced-match@^1.0.0:
  version "1.0.2"
  resolved "https://registry.yarnpkg.com/balanced-match/-/balanced-match-1.0.2.tgz#e83e3a7e3f300b34cb9d87f615fa0cbf357690ee"
  integrity sha512-3oSeUO0TMV67hN1AmbXsK4yaqU7tjiHlbxRDZOpH0KW9+CeX4bRAaX0Anxt0tx2MrpRpWwQaPwIlISEJhYU5Pw==

brace-expansion@^2.0.1:
  version "2.0.1"
  resolved "https://registry.yarnpkg.com/brace-expansion/-/brace-expansion-2.0.1.tgz#1edc459e0f0c548486ecf9fc99f2221364b9a0ae"
  integrity sha512-XnAIvQ8eM+kC6aULx6wuQiwVsnzsi9d3WxzV3FpWTGA19F621kwdbsAcFKXgKUHZWsy+mY6iL1sHTxWEFCytDA==
  dependencies:
    balanced-match "^1.0.0"

ckeditor5@^37.0.1:
  version "37.0.1"
  resolved "https://registry.yarnpkg.com/ckeditor5/-/ckeditor5-37.0.1.tgz#36058706b2aac20f54c206f04f505c4ba504923f"
  integrity sha512-R/yuGQ0TBH+ZeCpglhH4LafAcEs5qKlvKEAhumrVJkkEzuWC/nyvOW+5IvSmBvtzghQ1ostxtNyEMQB3/HcwhA==
  dependencies:
    "@ckeditor/ckeditor5-clipboard" "^37.0.1"
    "@ckeditor/ckeditor5-core" "^37.0.1"
    "@ckeditor/ckeditor5-engine" "^37.0.1"
    "@ckeditor/ckeditor5-enter" "^37.0.1"
    "@ckeditor/ckeditor5-paragraph" "^37.0.1"
    "@ckeditor/ckeditor5-select-all" "^37.0.1"
    "@ckeditor/ckeditor5-typing" "^37.0.1"
    "@ckeditor/ckeditor5-ui" "^37.0.1"
    "@ckeditor/ckeditor5-undo" "^37.0.1"
    "@ckeditor/ckeditor5-upload" "^37.0.1"
    "@ckeditor/ckeditor5-utils" "^37.0.1"
    "@ckeditor/ckeditor5-watchdog" "^37.0.1"
    "@ckeditor/ckeditor5-widget" "^37.0.1"

csstype@^2.6.8:
  version "2.6.21"
  resolved "https://registry.yarnpkg.com/csstype/-/csstype-2.6.21.tgz#2efb85b7cc55c80017c66a5ad7cbd931fda3a90e"
  integrity sha512-Z1PhmomIfypOpoMjRQB70jfvy/wxT50qW08YXO5lMIJkrdq4yOTR+AW7FqutScmB9NkLwxo+jU+kZLbofZZq/w==

de-indent@^1.0.2:
  version "1.0.2"
  resolved "https://registry.yarnpkg.com/de-indent/-/de-indent-1.0.2.tgz#b2038e846dc33baa5796128d0804b455b8c1e21d"
  integrity sha512-e/1zu3xH5MQryN2zdVaF0OrdNLUbvWxzMbi+iNA6Bky7l1RoP8a2fIbRocyHclXt/arDrrR6lL3TqFD9pMQTsg==

esbuild@^0.17.5:
  version "0.17.15"
  resolved "https://registry.yarnpkg.com/esbuild/-/esbuild-0.17.15.tgz#209ebc87cb671ffb79574db93494b10ffaf43cbc"
  integrity sha512-LBUV2VsUIc/iD9ME75qhT4aJj0r75abCVS0jakhFzOtR7TQsqQA5w0tZ+KTKnwl3kXE0MhskNdHDh/I5aCR1Zw==
  optionalDependencies:
    "@esbuild/android-arm" "0.17.15"
    "@esbuild/android-arm64" "0.17.15"
    "@esbuild/android-x64" "0.17.15"
    "@esbuild/darwin-arm64" "0.17.15"
    "@esbuild/darwin-x64" "0.17.15"
    "@esbuild/freebsd-arm64" "0.17.15"
    "@esbuild/freebsd-x64" "0.17.15"
    "@esbuild/linux-arm" "0.17.15"
    "@esbuild/linux-arm64" "0.17.15"
    "@esbuild/linux-ia32" "0.17.15"
    "@esbuild/linux-loong64" "0.17.15"
    "@esbuild/linux-mips64el" "0.17.15"
    "@esbuild/linux-ppc64" "0.17.15"
    "@esbuild/linux-riscv64" "0.17.15"
    "@esbuild/linux-s390x" "0.17.15"
    "@esbuild/linux-x64" "0.17.15"
    "@esbuild/netbsd-x64" "0.17.15"
    "@esbuild/openbsd-x64" "0.17.15"
    "@esbuild/sunos-x64" "0.17.15"
    "@esbuild/win32-arm64" "0.17.15"
    "@esbuild/win32-ia32" "0.17.15"
    "@esbuild/win32-x64" "0.17.15"

estree-walker@^2.0.2:
  version "2.0.2"
  resolved "https://registry.yarnpkg.com/estree-walker/-/estree-walker-2.0.2.tgz#52f010178c2a4c117a7757cfe942adb7d2da4cac"
  integrity sha512-Rfkk/Mp/DL7JVje3u18FxFujQlTNR2q6QfMSMB7AvCBx91NGj/ba3kCfza0f6dVDbw7YlRf/nDrn7pQrCCyQ/w==

fsevents@~2.3.2:
  version "2.3.2"
  resolved "https://registry.yarnpkg.com/fsevents/-/fsevents-2.3.2.tgz#8a526f78b8fdf4623b709e0b975c52c24c02fd1a"
  integrity sha512-xiqMQR4xAeHTuB9uWm+fFRcIOgKBMiOBP+eXiyT7jsgVCq1bkVygt00oASowB7EdtpOHaaPgKt812P9ab+DDKA==

function-bind@^1.1.1:
  version "1.1.1"
  resolved "https://registry.yarnpkg.com/function-bind/-/function-bind-1.1.1.tgz#a56899d3ea3c9bab874bb9773b7c5ede92f4895d"
  integrity sha512-yIovAzMX49sF8Yl58fSCWJ5svSLuaibPxXQJFLmBObTuCr0Mf1KiPopGM9NiFjiYBCbfaa2Fh6breQ6ANVTI0A==

has@^1.0.3:
  version "1.0.3"
  resolved "https://registry.yarnpkg.com/has/-/has-1.0.3.tgz#722d7cbfc1f6aa8241f16dd814e011e1f41e8796"
  integrity sha512-f2dvO0VU6Oej7RkWJGrehjbzMAjFp5/VKPp5tTpWIV4JHHZK1/BxbFRtf/siA2SWTe09caDmVtYYzWEIbBS4zw==
  dependencies:
    function-bind "^1.1.1"

he@^1.2.0:
  version "1.2.0"
  resolved "https://registry.yarnpkg.com/he/-/he-1.2.0.tgz#84ae65fa7eafb165fddb61566ae14baf05664f0f"
  integrity sha512-F/1DnUGPopORZi0ni+CvrCgHQ5FyEAHRLSApuYWMmrbSwoN2Mn/7k+Gl38gJnR7yyDZk6WLXwiGod1JOWNDKGw==

is-core-module@^2.11.0:
  version "2.11.0"
  resolved "https://registry.yarnpkg.com/is-core-module/-/is-core-module-2.11.0.tgz#ad4cb3e3863e814523c96f3f58d26cc570ff0144"
  integrity sha512-RRjxlvLDkD1YJwDbroBHMb+cukurkDWNyHx7D3oNB5x9rb5ogcksMC5wHCadcXoo67gVr/+3GFySh3134zi6rw==
  dependencies:
    has "^1.0.3"

lodash-es@^4.17.15:
  version "4.17.21"
  resolved "https://registry.yarnpkg.com/lodash-es/-/lodash-es-4.17.21.tgz#43e626c46e6591b7750beb2b50117390c609e3ee"
  integrity sha512-mKnC+QJ9pWVzv+C4/U3rRsHapFfHvQFoFB92e52xeyGMcX6/OlIl78je1u8vePzYZSkkogMPJ2yjxxsb89cxyw==

magic-string@^0.25.7:
  version "0.25.9"
  resolved "https://registry.yarnpkg.com/magic-string/-/magic-string-0.25.9.tgz#de7f9faf91ef8a1c91d02c2e5314c8277dbcdd1c"
  integrity sha512-RmF0AsMzgt25qzqqLc1+MbHmhdx0ojF2Fvs4XnOqz2ZOBXzzkEwc/dJQZCYHAn7v1jbVOjAZfK8msRn4BxO4VQ==
  dependencies:
    sourcemap-codec "^1.4.8"

minimatch@^6.1.6:
  version "6.2.0"
  resolved "https://registry.yarnpkg.com/minimatch/-/minimatch-6.2.0.tgz#2b70fd13294178c69c04dfc05aebdb97a4e79e42"
  integrity sha512-sauLxniAmvnhhRjFwPNnJKaPFYyddAgbYdeUpHULtCT/GhzdCx/MDNy+Y40lBxTQUrMzDE8e0S43Z5uqfO0REg==
  dependencies:
    brace-expansion "^2.0.1"

muggle-string@^0.2.2:
  version "0.2.2"
  resolved "https://registry.yarnpkg.com/muggle-string/-/muggle-string-0.2.2.tgz#786aa53fea1652c61c6a59e1f839292b262bc72a"
  integrity sha512-YVE1mIJ4VpUMqZObFndk9CJu6DBJR/GB13p3tXuNbwD4XExaI5EOuRl6BHeIDxIqXZVxSfAC+y6U1Z/IxCfKUg==

nanoid@^3.3.4:
  version "3.3.6"
  resolved "https://registry.yarnpkg.com/nanoid/-/nanoid-3.3.6.tgz#443380c856d6e9f9824267d960b4236ad583ea4c"
  integrity sha512-BGcqMMJuToF7i1rt+2PWSNVnWIkGCU78jBG3RxO/bZlnZPK2Cmi2QaffxGO/2RvWi9sL+FAiRiXMgsyxQ1DIDA==

path-parse@^1.0.7:
  version "1.0.7"
  resolved "https://registry.yarnpkg.com/path-parse/-/path-parse-1.0.7.tgz#fbc114b60ca42b30d9daf5858e4bd68bbedb6735"
  integrity sha512-LDJzPVEEEPR+y48z93A0Ed0yXb8pAByGWo/k5YYdYgpY2/2EsOsksJrq7lOHxryrVOn1ejG6oAp8ahvOIQD8sw==

picocolors@^1.0.0:
  version "1.0.0"
  resolved "https://registry.yarnpkg.com/picocolors/-/picocolors-1.0.0.tgz#cb5bdc74ff3f51892236eaf79d68bc44564ab81c"
  integrity sha512-1fygroTLlHu66zi26VoTDv8yRgm0Fccecssto+MhsZ0D/DGW2sm8E8AjW7NU5VVTRt5GxbeZ5qBuJr+HyLYkjQ==

postcss@^8.1.10, postcss@^8.4.21:
  version "8.4.21"
  resolved "https://registry.yarnpkg.com/postcss/-/postcss-8.4.21.tgz#c639b719a57efc3187b13a1d765675485f4134f4"
  integrity sha512-tP7u/Sn/dVxK2NnruI4H9BG+x+Wxz6oeZ1cJ8P6G/PZY0IKk4k/63TDsQf2kQq3+qoJeLm2kIBUNlZe3zgb4Zg==
  dependencies:
    nanoid "^3.3.4"
    picocolors "^1.0.0"
    source-map-js "^1.0.2"

resolve@^1.22.1:
  version "1.22.2"
  resolved "https://registry.yarnpkg.com/resolve/-/resolve-1.22.2.tgz#0ed0943d4e301867955766c9f3e1ae6d01c6845f"
  integrity sha512-Sb+mjNHOULsBv818T40qSPeRiuWLyaGMa5ewydRLFimneixmVy2zdivRl+AF6jaYPC8ERxGDmFSiqui6SfPd+g==
  dependencies:
    is-core-module "^2.11.0"
    path-parse "^1.0.7"
    supports-preserve-symlinks-flag "^1.0.0"

rollup@^3.18.0:
  version "3.20.2"
  resolved "https://registry.yarnpkg.com/rollup/-/rollup-3.20.2.tgz#f798c600317f216de2e4ad9f4d9ab30a89b690ff"
  integrity sha512-3zwkBQl7Ai7MFYQE0y1MeQ15+9jsi7XxfrqwTb/9EK8D9C9+//EBR4M+CuA1KODRaNbFez/lWxA5vhEGZp4MUg==
  optionalDependencies:
    fsevents "~2.3.2"

source-map-js@^1.0.2:
  version "1.0.2"
  resolved "https://registry.yarnpkg.com/source-map-js/-/source-map-js-1.0.2.tgz#adbc361d9c62df380125e7f161f71c826f1e490c"
  integrity sha512-R0XvVJ9WusLiqTCEiGCmICCMplcCkIwwR11mOSD9CR5u+IXYdiseeEuXCVAjS54zqwkLcPNnmU4OeJ6tUrWhDw==

source-map@^0.6.1:
  version "0.6.1"
  resolved "https://registry.yarnpkg.com/source-map/-/source-map-0.6.1.tgz#74722af32e9614e9c287a8d0bbde48b5e2f1a263"
  integrity sha512-UjgapumWlbMhkBgzT7Ykc5YXUT46F0iKu8SGXq0bcwP5dz/h0Plj6enJqjz1Zbq2l5WaqYnrVbwWOWMyF3F47g==

sourcemap-codec@^1.4.8:
  version "1.4.8"
  resolved "https://registry.yarnpkg.com/sourcemap-codec/-/sourcemap-codec-1.4.8.tgz#ea804bd94857402e6992d05a38ef1ae35a9ab4c4"
  integrity sha512-9NykojV5Uih4lgo5So5dtw+f0JgJX30KCNI8gwhz2J9A15wD0Ml6tjHKwf6fTSa6fAdVBdZeNOs9eJ71qCk8vA==

supports-preserve-symlinks-flag@^1.0.0:
  version "1.0.0"
  resolved "https://registry.yarnpkg.com/supports-preserve-symlinks-flag/-/supports-preserve-symlinks-flag-1.0.0.tgz#6eda4bd344a3c94aea376d4cc31bc77311039e09"
  integrity sha512-ot0WnXS9fgdkgIcePe6RHNk1WA8+muPa6cSjeR3V8K27q9BB1rTE3R1p7Hv0z1ZyAc8s6Vvv8DIyWf681MAt0w==

typescript@^4.9.3:
  version "4.9.5"
  resolved "https://registry.yarnpkg.com/typescript/-/typescript-4.9.5.tgz#095979f9bcc0d09da324d58d03ce8f8374cbe65a"
  integrity sha512-1FXk9E2Hm+QzZQ7z+McJiHL4NW1F2EzMu9Nq9i3zAaGqibafqYwCVU6WyWAuyQRRzOlxou8xZSyXLEN8oKj24g==

vite@^4.2.0:
  version "4.2.1"
  resolved "https://registry.yarnpkg.com/vite/-/vite-4.2.1.tgz#6c2eb337b0dfd80a9ded5922163b94949d7fc254"
  integrity sha512-7MKhqdy0ISo4wnvwtqZkjke6XN4taqQ2TBaTccLIpOKv7Vp2h4Y+NpmWCnGDeSvvn45KxvWgGyb0MkHvY1vgbg==
  dependencies:
    esbuild "^0.17.5"
    postcss "^8.4.21"
    resolve "^1.22.1"
    rollup "^3.18.0"
  optionalDependencies:
    fsevents "~2.3.2"

vue-template-compiler@^2.7.14:
  version "2.7.14"
  resolved "https://registry.yarnpkg.com/vue-template-compiler/-/vue-template-compiler-2.7.14.tgz#4545b7dfb88090744c1577ae5ac3f964e61634b1"
  integrity sha512-zyA5Y3ArvVG0NacJDkkzJuPQDF8RFeRlzV2vLeSnhSpieO6LK2OVbdLPi5MPPs09Ii+gMO8nY4S3iKQxBxDmWQ==
  dependencies:
    de-indent "^1.0.2"
    he "^1.2.0"

vue-tsc@^1.2.0:
  version "1.2.0"
  resolved "https://registry.yarnpkg.com/vue-tsc/-/vue-tsc-1.2.0.tgz#2b64b960cc96208492541394423ace589a461be6"
  integrity sha512-rIlzqdrhyPYyLG9zxsVRa+JEseeS9s8F2BbVVVWRRsTZvJO2BbhLEb2HW3MY+DFma0378tnIqs+vfTzbcQtRFw==
  dependencies:
    "@volar/vue-language-core" "1.2.0"
    "@volar/vue-typescript" "1.2.0"

vue@^3.2.47:
  version "3.2.47"
  resolved "https://registry.yarnpkg.com/vue/-/vue-3.2.47.tgz#3eb736cbc606fc87038dbba6a154707c8a34cff0"
  integrity sha512-60188y/9Dc9WVrAZeUVSDxRQOZ+z+y5nO2ts9jWXSTkMvayiWxCWOWtBQoYjLeccfXkiiPZWAHcV+WTPhkqJHQ==
  dependencies:
    "@vue/compiler-dom" "3.2.47"
    "@vue/compiler-sfc" "3.2.47"
    "@vue/runtime-dom" "3.2.47"
    "@vue/server-renderer" "3.2.47"
    "@vue/shared" "3.2.47"
